
Microsoft Visual Studio Solution File, Format Version 12.00
# Visual Studio Version 17
VisualStudioVersion = 17.4.33213.308
MinimumVisualStudioVersion = 10.0.40219.1
Project("{FAE04EC0-301F-11D3-BF4B-00C04F79EFBC}") = "WpfAppCrashLookupEdit", "WpfAppCrashLookupEdit\WpfAppCrashLookupEdit.csproj", "{0E0B2002-27D9-4DF2-BD37-01A1179FCFF9}"
EndProject
Global
	GlobalSection(SolutionConfigurationPlatforms) = preSolution
		Debug|Any CPU = Debug|Any CPU
		Release|Any CPU = Release|Any CPU
	EndGlobalSection
	GlobalSection(ProjectConfigurationPlatforms) = postSolution
		{0E0B2002-27D9-4DF2-BD37-01A1179FCFF9}.Debug|Any CPU.ActiveCfg = Debug|Any CPU
		{0E0B2002-27D9-4DF2-BD37-01A1179FCFF9}.Debug|Any CPU.Build.0 = Debug|Any CPU
		{0E0B2002-27D9-4DF2-BD37-01A1179FCFF9}.Release|Any CPU.ActiveCfg = Release|Any CPU
		{0E0B2002-27D9-4DF2-BD37-01A1179FCFF9}.Release|Any CPU.Build.0 = Release|Any CPU
	EndGlobalSection
	GlobalSection(SolutionProperties) = preSolution
		HideSolutionNode = FALSE
	EndGlobalSection
	GlobalSection(ExtensibilityGlobals) = postSolution
		SolutionGuid = {0C8C7C9E-63E0-460A-B25C-2E8BBA26383C}
	EndGlobalSection
EndGlobal
